<Solution>
  <Folder Name="/Meta/">
    <File Path="../.gitignore" />
    <File Path="../README.md" />
    <File Path="../AGENTS.md" />
    <File Path=".env" />
    <File Path="Directory.Packages.props" />
    <File Path="dotnet-tools.json" />
    <File Path="global.json" />
  </Folder>
  <Folder Name="/Meta/Docker/">
    <File Path="docker-compose.yml" />
    <File Path="Dockerfile.Admin" />
    <File Path="Dockerfile.AdminApi" />
    <File Path="Dockerfile.Api" />
    <File Path="Dockerfile.Web" />
  </Folder>
  <Project Path="Auth.Wiedersehen.IntegrationTests/Auth.Wiedersehen.IntegrationTests.csproj" />
  <Project Path="Auth.Wiedersehen.UnitTests/Auth.Wiedersehen.UnitTests.csproj" />
  <Project Path="Auth.Wiedersehen/Auth.Wiedersehen.csproj" />
  <Project Path="Auth.Wiedersehen.Shared/Auth.Wiedersehen.Shared.csproj" />
  <Project Path="Skoruba.Duende.IdentityServer.Admin.Api/Skoruba.Duende.IdentityServer.Admin.Api.csproj" />
  <Project Path="Skoruba.Duende.IdentityServer.Admin.EntityFramework.PostgreSQL/Skoruba.Duende.IdentityServer.Admin.EntityFramework.PostgreSQL.csproj" />
  <Project Path="Skoruba.Duende.IdentityServer.Admin.EntityFramework.Shared/Skoruba.Duende.IdentityServer.Admin.EntityFramework.Shared.csproj" />
  <Project Path="Skoruba.Duende.IdentityServer.Admin/Skoruba.Duende.IdentityServer.Admin.csproj" />
  <Project Path="Skoruba.Duende.IdentityServer.Shared/Skoruba.Duende.IdentityServer.Shared.csproj" />
</Solution>
